// !$*UTF8*$!
{
	archiveVersion = 1;
	classes = {
	};
	objectVersion = 46;
	objects = {

/* Begin PBXBuildFile section */
		18C62BAA1B9452CF004B8562 /* AppDelegate.swift in Sources */ = {isa = PBXBuildFile; fileRef = 18C62BA91B9452CF004B8562 /* AppDelegate.swift */; };
		18C62BAC1B9452CF004B8562 /* ViewController.swift in Sources */ = {isa = PBXBuildFile; fileRef = 18C62BAB1B9452CF004B8562 /* ViewController.swift */; };
		18C62BAF1B9452CF004B8562 /* Main.storyboard in Resources */ = {isa = PBXBuildFile; fileRef = 18C62BAD1B9452CF004B8562 /* Main.storyboard */; };
		18C62BB11B9452CF004B8562 /* Images.xcassets in Resources */ = {isa = PBXBuildFile; fileRef = 18C62BB01B9452CF004B8562 /* Images.xcassets */; };
		18C62BB41B9452CF004B8562 /* LaunchScreen.xib in Resources */ = {isa = PBXBuildFile; fileRef = 18C62BB21B9452CF004B8562 /* LaunchScreen.xib */; };
		18C62BC01B9452CF004B8562 /* TicTacToeTests.swift in Sources */ = {isa = PBXBuildFile; fileRef = 18C62BBF1B9452CF004B8562 /* TicTacToeTests.swift */; };
/* End PBXBuildFile section */

/* Begin PBXContainerItemProxy section */
		18C62BBA1B9452CF004B8562 /* PBXContainerItemProxy */ = {
			isa = PBXContainerItemProxy;
			containerPortal = 18C62B9C1B9452CF004B8562 /* Project object */;
			proxyType = 1;
			remoteGlobalIDString = 18C62BA31B9452CF004B8562;
			remoteInfo = TicTacToe;
		};
/* End PBXContainerItemProxy section */

/* Begin PBXFileReference section */
		18C62BA41B9452CF004B8562 /* TicTacToe.app */ = {isa = PBXFileReference; explicitFileType = wrapper.application; includeInIndex = 0; path = TicTacToe.app; sourceTree = BUILT_PRODUCTS_DIR; };
		18C62BA81B9452CF004B8562 /* Info.plist */ = {isa = PBXFileReference; lastKnownFileType = text.plist.xml; path = Info.plist; sourceTree = "<group>"; };
		18C62BA91B9452CF004B8562 /* AppDelegate.swift */ = {isa = PBXFileReference; lastKnownFileType = sourcecode.swift; path = AppDelegate.swift; sourceTree = "<group>"; };
		18C62BAB1B9452CF004B8562 /* ViewController.swift */ = {isa = PBXFileReference; lastKnownFileType = sourcecode.swift; path = ViewController.swift; sourceTree = "<group>"; };
		18C62BAE1B9452CF004B8562 /* Base */ = {isa = PBXFileReference; lastKnownFileType = file.storyboard; name = Base; path = Base.lproj/Main.storyboard; sourceTree = "<group>"; };
		18C62BB01B9452CF004B8562 /* Images.xcassets */ = {isa = PBXFileReference; lastKnownFileType = folder.assetcatalog; path = Images.xcassets; sourceTree = "<group>"; };
		18C62BB31B9452CF004B8562 /* Base */ = {isa = PBXFileReference; lastKnownFileType = file.xib; name = Base; path = Base.lproj/LaunchScreen.xib; sourceTree = "<group>"; };
		18C62BB91B9452CF004B8562 /* TicTacToeTests.xctest */ = {isa = PBXFileReference; explicitFileType = wrapper.cfbundle; includeInIndex = 0; path = TicTacToeTests.xctest; sourceTree = BUILT_PRODUCTS_DIR; };
		18C62BBE1B9452CF004B8562 /* Info.plist */ = {isa = PBXFileReference; lastKnownFileType = text.plist.xml; path = Info.plist; sourceTree = "<group>"; };
		18C62BBF1B9452CF004B8562 /* TicTacToeTests.swift */ = {isa = PBXFileReference; lastKnownFileType = sourcecode.swift; path = TicTacToeTests.swift; sourceTree = "<group>"; };
/* End PBXFileReference section */

/* Begin PBXFrameworksBuildPhase section */
		18C62BA11B9452CF004B8562 /* Frameworks */ = {
			isa = PBXFrameworksBuildPhase;
			buildActionMask = 2147483647;
			files = (
			);
			runOnlyForDeploymentPostprocessing = 0;
		};
		18C62BB61B9452CF004B8562 /* Frameworks */ = {
			isa = PBXFrameworksBuildPhase;
			buildActionMask = 2147483647;
			files = (
			);
			runOnlyForDeploymentPostprocessing = 0;
		};
/* End PBXFrameworksBuildPhase section */

/* Begin PBXGroup section */
		18C62B9B1B9452CF004B8562 = {
			isa = PBXGroup;
			children = (
				18C62BA61B9452CF004B8562 /* TicTacToe */,
				18C62BBC1B9452CF004B8562 /* TicTacToeTests */,
				18C62BA51B9452CF004B8562 /* Products */,
			);
			sourceTree = "<group>";
		};
		18C62BA51B9452CF004B8562 /* Products */ = {
			isa = PBXGroup;
			children = (
				18C62BA41B9452CF004B8562 /* TicTacToe.app */,
				18C62BB91B9452CF004B8562 /* TicTacToeTests.xctest */,
			);
			name = Products;
			sourceTree = "<group>";
		};
		18C62BA61B9452CF004B8562 /* TicTacToe */ = {
			isa = PBXGroup;
			children = (
				18C62BA91B9452CF004B8562 /* AppDelegate.swift */,
				18C62BAB1B9452CF004B8562 /* ViewController.swift */,
				18C62BAD1B9452CF004B8562 /* Main.storyboard */,
				18C62BB01B9452CF004B8562 /* Images.xcassets */,
				18C62BB21B9452CF004B8562 /* LaunchScreen.xib */,
				18C62BA71B9452CF004B8562 /* Supporting Files */,
			);
			path = TicTacToe;
			sourceTree = "<group>";
		};
		18C62BA71B9452CF004B8562 /* Supporting Files */ = {
			isa = PBXGroup;
			children = (
				18C62BA81B9452CF004B8562 /* Info.plist */,
			);
			name = "Supporting Files";
			sourceTree = "<group>";
		};
		18C62BBC1B9452CF004B8562 /* TicTacToeTests */ = {
			isa = PBXGroup;
			children = (
				18C62BBF1B9452CF004B8562 /* TicTacToeTests.swift */,
				18C62BBD1B9452CF004B8562 /* Supporting Files */,
			);
			path = TicTacToeTests;
			sourceTree = "<group>";
		};
		18C62BBD1B9452CF004B8562 /* Supporting Files */ = {
			isa = PBXGroup;
			children = (
				18C62BBE1B9452CF004B8562 /* Info.plist */,
			);
			name = "Supporting Files";
			sourceTree = "<group>";
		};
/* End PBXGroup section */

/* Begin PBXNativeTarget section */
		18C62BA31B9452CF004B8562 /* TicTacToe */ = {
			isa = PBXNativeTarget;
			buildConfigurationList = 18C62BC31B9452CF004B8562 /* Build configuration list for PBXNativeTarget "TicTacToe" */;
			buildPhases = (
				18C62BA01B9452CF004B8562 /* Sources */,
				18C62BA11B9452CF004B8562 /* Frameworks */,
				18C62BA21B9452CF004B8562 /* Resources */,
			);
			buildRules = (
			);
			dependencies = (
			);
			name = TicTacToe;
			productName = TicTacToe;
			productReference = 18C62BA41B9452CF004B8562 /* TicTacToe.app */;
			productType = "com.apple.product-type.application";
		};
		18C62BB81B9452CF004B8562 /* TicTacToeTests */ = {
			isa = PBXNativeTarget;
			buildConfigurationList = 18C62BC61B9452CF004B8562 /* Build configuration list for PBXNativeTarget "TicTacToeTests" */;
			buildPhases = (
				18C62BB51B9452CF004B8562 /* Sources */,
				18C62BB61B9452CF004B8562 /* Frameworks */,
				18C62BB71B9452CF004B8562 /* Resources */,
			);
			buildRules = (
			);
			dependencies = (
				18C62BBB1B9452CF004B8562 /* PBXTargetDependency */,
			);
			name = TicTacToeTests;
			productName = TicTacToeTests;
			productReference = 18C62BB91B9452CF004B8562 /* TicTacToeTests.xctest */;
			productType = "com.apple.product-type.bundle.unit-test";
		};
/* End PBXNativeTarget section */

/* Begin PBXProject section */
		18C62B9C1B9452CF004B8562 /* Project object */ = {
			isa = PBXProject;
			attributes = {
				LastUpgradeCheck = 0620;
				ORGANIZATIONNAME = RichardGarrod;
				TargetAttributes = {
					18C62BA31B9452CF004B8562 = {
						CreatedOnToolsVersion = 6.2;
					};
					18C62BB81B9452CF004B8562 = {
						CreatedOnToolsVersion = 6.2;
						TestTargetID = 18C62BA31B9452CF004B8562;
					};
				};
			};
			buildConfigurationList = 18C62B9F1B9452CF004B8562 /* Build configuration list for PBXProject "TicTacToe" */;
			compatibilityVersion = "Xcode 3.2";
			developmentRegion = English;
			hasScannedForEncodings = 0;
			knownRegions = (
				en,
				Base,
			);
			mainGroup = 18C62B9B1B9452CF004B8562;
			productRefGroup = 18C62BA51B9452CF004B8562 /* Products */;
			projectDirPath = "";
			projectRoot = "";
			targets = (
				18C62BA31B9452CF004B8562 /* TicTacToe */,
				18C62BB81B9452CF004B8562 /* TicTacToeTests */,
			);
		};
/* End PBXProject section */

/* Begin PBXResourcesBuildPhase section */
		18C62BA21B9452CF004B8562 /* Resources */ = {
			isa = PBXResourcesBuildPhase;
			buildActionMask = 2147483647;
			files = (
				18C62BAF1B9452CF004B8562 /* Main.storyboard in Resources */,
				18C62BB41B9452CF004B8562 /* LaunchScreen.xib in Resources */,
				18C62BB11B9452CF004B8562 /* Images.xcassets in Resources */,
			);
			runOnlyForDeploymentPostprocessing = 0;
		};
		18C62BB71B9452CF004B8562 /* Resources */ = {
			isa = PBXResourcesBuildPhase;
			buildActionMask = 2147483647;
			files = (
			);
			runOnlyForDeploymentPostprocessing = 0;
		};
/* End PBXResourcesBuildPhase section */

/* Begin PBXSourcesBuildPhase section */
		18C62BA01B9452CF004B8562 /* Sources */ = {
			isa = PBXSourcesBuildPhase;
			buildActionMask = 2147483647;
			files = (
				18C62BAC1B9452CF004B8562 /* ViewController.swift in Sources */,
				18C62BAA1B9452CF004B8562 /* AppDelegate.swift in Sources */,
			);
			runOnlyForDeploymentPostprocessing = 0;
		};
		18C62BB51B9452CF004B8562 /* Sources */ = {
			isa = PBXSourcesBuildPhase;
			buildActionMask = 2147483647;
			files = (
				18C62BC01B9452CF004B8562 /* TicTacToeTests.swift in Sources */,
			);
			runOnlyForDeploymentPostprocessing = 0;
		};
/* End PBXSourcesBuildPhase section */

/* Begin PBXTargetDependency section */
		18C62BBB1B9452CF004B8562 /* PBXTargetDependency */ = {
			isa = PBXTargetDependency;
			target = 18C62BA31B9452CF004B8562 /* TicTacToe */;
			targetProxy = 18C62BBA1B9452CF004B8562 /* PBXContainerItemProxy */;
		};
/* End PBXTargetDependency section */

/* Begin PBXVariantGroup section */
		18C62BAD1B9452CF004B8562 /* Main.storyboard */ = {
			isa = PBXVariantGroup;
			children = (
				18C62BAE1B9452CF004B8562 /* Base */,
			);
			name = Main.storyboard;
			sourceTree = "<group>";
		};
		18C62BB21B9452CF004B8562 /* LaunchScreen.xib */ = {
			isa = PBXVariantGroup;
			children = (
				18C62BB31B9452CF004B8562 /* Base */,
			);
			name = LaunchScreen.xib;
			sourceTree = "<group>";
		};
/* End PBXVariantGroup section */

/* Begin XCBuildConfiguration section */
		18C62BC11B9452CF004B8562 /* Debug */ = {
			isa = XCBuildConfiguration;
			buildSettings = {
				ALWAYS_SEARCH_USER_PATHS = NO;
				CLANG_CXX_LANGUAGE_STANDARD = "gnu++0x";
				CLANG_CXX_LIBRARY = "libc++";
				CLANG_ENABLE_MODULES = YES;
				CLANG_ENABLE_OBJC_ARC = YES;
				CLANG_WARN_BOOL_CONVERSION = YES;
				CLANG_WARN_CONSTANT_CONVERSION = YES;
				CLANG_WARN_DIRECT_OBJC_ISA_USAGE = YES_ERROR;
				CLANG_WARN_EMPTY_BODY = YES;
				CLANG_WARN_ENUM_CONVERSION = YES;
				CLANG_WARN_INT_CONVERSION = YES;
				CLANG_WARN_OBJC_ROOT_CLASS = YES_ERROR;
				CLANG_WARN_UNREACHABLE_CODE = YES;
				CLANG_WARN__DUPLICATE_METHOD_MATCH = YES;
				"CODE_SIGN_IDENTITY[sdk=iphoneos*]" = "iPhone Developer";
				COPY_PHASE_STRIP = NO;
				ENABLE_STRICT_OBJC_MSGSEND = YES;
				GCC_C_LANGUAGE_STANDARD = gnu99;
				GCC_DYNAMIC_NO_PIC = NO;
				GCC_OPTIMIZATION_LEVEL = 0;
				GCC_PREPROCESSOR_DEFINITIONS = (
					"DEBUG=1",
					"$(inherited)",
				);
				GCC_SYMBOLS_PRIVATE_EXTERN = NO;
				GCC_WARN_64_TO_32_BIT_CONVERSION = YES;
				GCC_WARN_ABOUT_RETURN_TYPE = YES_ERROR;
				GCC_WARN_UNDECLARED_SELECTOR = YES;
				GCC_WARN_UNINITIALIZED_AUTOS = YES_AGGRESSIVE;
				GCC_WARN_UNUSED_FUNCTION = YES;
				GCC_WARN_UNUSED_VARIABLE = YES;
				IPHONEOS_DEPLOYMENT_TARGET = 8.2;
				MTL_ENABLE_DEBUG_INFO = YES;
				ONLY_ACTIVE_ARCH = YES;
				SDKROOT = iphoneos;
				SWIFT_OPTIMIZATION_LEVEL = "-Onone";
			};
			name = Debug;
		};
		18C62BC21B9452CF004B8562 /* Release */ = {
			isa = XCBuildConfiguration;
			buildSettings = {
				ALWAYS_SEARCH_USER_PATHS = NO;
				CLANG_CXX_LANGUAGE_STANDARD = "gnu++0x";
				CLANG_CXX_LIBRARY = "libc++";
				CLANG_ENABLE_MODULES = YES;
				CLANG_ENABLE_OBJC_ARC = YES;
				CLANG_WARN_BOOL_CONVERSION = YES;
				CLANG_WARN_CONSTANT_CONVERSION = YES;
				CLANG_WARN_DIRECT_OBJC_ISA_USAGE = YES_ERROR;
				CLANG_WARN_EMPTY_BODY = YES;
				CLANG_WARN_ENUM_CONVERSION = YES;
				CLANG_WARN_INT_CONVERSION = YES;
				CLANG_WARN_OBJC_ROOT_CLASS = YES_ERROR;
				CLANG_WARN_UNREACHABLE_CODE = YES;
				CLANG_WARN__DUPLICATE_METHOD_MATCH = YES;
				"CODE_SIGN_IDENTITY[sdk=iphoneos*]" = "iPhone Developer";
				COPY_PHASE_STRIP = NO;
				ENABLE_NS_ASSERTIONS = NO;
				ENABLE_STRICT_OBJC_MSGSEND = YES;
				GCC_C_LANGUAGE_STANDARD = gnu99;
				GCC_WARN_64_TO_32_BIT_CONVERSION = YES;
				GCC_WARN_ABOUT_RETURN_TYPE = YES_ERROR;
				GCC_WARN_UNDECLARED_SELECTOR = YES;
				GCC_WARN_UNINITIALIZED_AUTOS = YES_AGGRESSIVE;
				GCC_WARN_UNUSED_FUNCTION = YES;
				GCC_WARN_UNUSED_VARIABLE = YES;
				IPHONEOS_DEPLOYMENT_TARGET = 8.2;
				MTL_ENABLE_DEBUG_INFO = NO;
				SDKROOT = iphoneos;
				VALIDATE_PRODUCT = YES;
			};
			name = Release;
		};
		18C62BC41B9452CF004B8562 /* Debug */ = {
			isa = XCBuildConfiguration;
			buildSettings = {
				ASSETCATALOG_COMPILER_APPICON_NAME = AppIcon;
				INFOPLIST_FILE = TicTacToe/Info.plist;
				LD_RUNPATH_SEARCH_PATHS = "$(inherited) @executable_path/Frameworks";
				PRODUCT_NAME = "$(TARGET_NAME)";
			};
			name = Debug;
		};
		18C62BC51B9452CF004B8562 /* Release */ = {
			isa = XCBuildConfiguration;
			buildSettings = {
				ASSETCATALOG_COMPILER_APPICON_NAME = AppIcon;
				INFOPLIST_FILE = TicTacToe/Info.plist;
				LD_RUNPATH_SEARCH_PATHS = "$(inherited) @executable_path/Frameworks";
				PRODUCT_NAME = "$(TARGET_NAME)";
			};
			name = Release;
		};
		18C62BC71B9452CF004B8562 /* Debug */ = {
			isa = XCBuildConfiguration;
			buildSettings = {
				BUNDLE_LOADER = "$(TEST_HOST)";
				FRAMEWORK_SEARCH_PATHS = (
					"$(SDKROOT)/Developer/Library/Frameworks",
					"$(inherited)",
				);
				GCC_PREPROCESSOR_DEFINITIONS = (
					"DEBUG=1",
					"$(inherited)",
				);
				INFOPLIST_FILE = TicTacToeTests/Info.plist;
				LD_RUNPATH_SEARCH_PATHS = "$(inherited) @executable_path/Frameworks @loader_path/Frameworks";
				PRODUCT_NAME = "$(TARGET_NAME)";
				TEST_HOST = "$(BUILT_PRODUCTS_DIR)/TicTacToe.app/TicTacToe";
			};
			name = Debug;
		};
		18C62BC81B9452CF004B8562 /* Release */ = {
			isa = XCBuildConfiguration;
			buildSettings = {
				BUNDLE_LOADER = "$(TEST_HOST)";
				FRAMEWORK_SEARCH_PATHS = (
					"$(SDKROOT)/Developer/Library/Frameworks",
					"$(inherited)",
				);
				INFOPLIST_FILE = TicTacToeTests/Info.plist;
				LD_RUNPATH_SEARCH_PATHS = "$(inherited) @executable_path/Frameworks @loader_path/Frameworks";
				PRODUCT_NAME = "$(TARGET_NAME)";
				TEST_HOST = "$(BUILT_PRODUCTS_DIR)/TicTacToe.app/TicTacToe";
			};
			name = Release;
		};
/* End XCBuildConfiguration section */

/* Begin XCConfigurationList section */
		18C62B9F1B9452CF004B8562 /* Build configuration list for PBXProject "TicTacToe" */ = {
			isa = XCConfigurationList;
			buildConfigurations = (
				18C62BC11B9452CF004B8562 /* Debug */,
				18C62BC21B9452CF004B8562 /* Release */,
			);
			defaultConfigurationIsVisible = 0;
			defaultConfigurationName = Release;
		};
		18C62BC31B9452CF004B8562 /* Build configuration list for PBXNativeTarget "TicTacToe" */ = {
			isa = XCConfigurationList;
			buildConfigurations = (
				18C62BC41B9452CF004B8562 /* Debug */,
				18C62BC51B9452CF004B8562 /* Release */,
			);
			defaultConfigurationIsVisible = 0;
		};
		18C62BC61B9452CF004B8562 /* Build configuration list for PBXNativeTarget "TicTacToeTests" */ = {
			isa = XCConfigurationList;
			buildConfigurations = (
				18C62BC71B9452CF004B8562 /* Debug */,
				18C62BC81B9452CF004B8562 /* Release */,
			);
			defaultConfigurationIsVisible = 0;
		};
/* End XCConfigurationList section */
	};
	rootObject = 18C62B9C1B9452CF004B8562 /* Project object */;
}
